
Microsoft Visual Studio Solution File, Format Version 12.00
# Visual Studio Version 17
VisualStudioVersion = 17.10.34928.147
MinimumVisualStudioVersion = 10.0.40219.1
Project("{FAE04EC0-301F-11D3-BF4B-00C04F79EFBC}") = "Pitico", "Pitico.csproj", "{B89FFE59-9BA5-407E-8BB2-0F48BF69D419}"
EndProject
Project("{2150E333-8FDC-42A3-9474-1A3956D46DE8}") = "Itens de Solução", "Itens de Solução", "{5ED8A04E-EC04-4785-8D0E-843D8BA65C05}"
	ProjectSection(SolutionItems) = preProject
		Resources\pitico andando pra direita (1).gif = Resources\pitico andando pra direita (1).gif
		Resources\pitico andando pra esquerda (1)1.gif = Resources\pitico andando pra esquerda (1)1.gif
	EndProjectSection
EndProject
Global
	GlobalSection(SolutionConfigurationPlatforms) = preSolution
		Debug|Any CPU = Debug|Any CPU
		Release|Any CPU = Release|Any CPU
	EndGlobalSection
	GlobalSection(ProjectConfigurationPlatforms) = postSolution
		{B89FFE59-9BA5-407E-8BB2-0F48BF69D419}.Debug|Any CPU.ActiveCfg = Debug|Any CPU
		{B89FFE59-9BA5-407E-8BB2-0F48BF69D419}.Debug|Any CPU.Build.0 = Debug|Any CPU
		{B89FFE59-9BA5-407E-8BB2-0F48BF69D419}.Release|Any CPU.ActiveCfg = Release|Any CPU
		{B89FFE59-9BA5-407E-8BB2-0F48BF69D419}.Release|Any CPU.Build.0 = Release|Any CPU
	EndGlobalSection
	GlobalSection(SolutionProperties) = preSolution
		HideSolutionNode = FALSE
	EndGlobalSection
	GlobalSection(ExtensibilityGlobals) = postSolution
		SolutionGuid = {9F95F2FE-B90F-410A-B146-55C304143B34}
	EndGlobalSection
EndGlobal
